
Microsoft Visual Studio Solution File, Format Version 12.00
# Visual Studio Version 16
VisualStudioVersion = 16.0.810.21
MinimumVisualStudioVersion = 10.0.40219.1
Project("{FAE04EC0-301F-11D3-BF4B-00C04F79EFBC}") = "dotnet-web", "dotnet-web.csproj", "{A050D627-090B-4821-9E8E-0FD88542805E}"
EndProject
Global
	GlobalSection(SolutionConfigurationPlatforms) = preSolution
		Debug|Any CPU = Debug|Any CPU
		Release|Any CPU = Release|Any CPU
	EndGlobalSection
	GlobalSection(ProjectConfigurationPlatforms) = postSolution
		{A050D627-090B-4821-9E8E-0FD88542805E}.Debug|Any CPU.ActiveCfg = Debug|Any CPU
		{A050D627-090B-4821-9E8E-0FD88542805E}.Debug|Any CPU.Build.0 = Debug|Any CPU
		{A050D627-090B-4821-9E8E-0FD88542805E}.Release|Any CPU.ActiveCfg = Release|Any CPU
		{A050D627-090B-4821-9E8E-0FD88542805E}.Release|Any CPU.Build.0 = Release|Any CPU
	EndGlobalSection
	GlobalSection(SolutionProperties) = preSolution
		HideSolutionNode = FALSE
	EndGlobalSection
	GlobalSection(ExtensibilityGlobals) = postSolution
		SolutionGuid = {DA708248-4C7D-467B-9C18-6AC0E0095BC1}
	EndGlobalSection
EndGlobal
